
Microsoft Visual Studio Solution File, Format Version 12.00
# Visual Studio Version 17
VisualStudioVersion = 17.7.34202.233
MinimumVisualStudioVersion = 10.0.40219.1
Project("{FAE04EC0-301F-11D3-BF4B-00C04F79EFBC}") = "buildapp", "buildapp\buildapp.csproj", "{BC12E069-865B-46BC-8B05-ECDFEFA502BD}"
EndProject
Global
	GlobalSection(SolutionConfigurationPlatforms) = preSolution
		Debug|Any CPU = Debug|Any CPU
		Release|Any CPU = Release|Any CPU
	EndGlobalSection
	GlobalSection(ProjectConfigurationPlatforms) = postSolution
		{BC12E069-865B-46BC-8B05-ECDFEFA502BD}.Debug|Any CPU.ActiveCfg = Debug|Any CPU
		{BC12E069-865B-46BC-8B05-ECDFEFA502BD}.Debug|Any CPU.Build.0 = Debug|Any CPU
		{BC12E069-865B-46BC-8B05-ECDFEFA502BD}.Release|Any CPU.ActiveCfg = Release|Any CPU
		{BC12E069-865B-46BC-8B05-ECDFEFA502BD}.Release|Any CPU.Build.0 = Release|Any CPU
	EndGlobalSection
	GlobalSection(SolutionProperties) = preSolution
		HideSolutionNode = FALSE
	EndGlobalSection
	GlobalSection(ExtensibilityGlobals) = postSolution
		SolutionGuid = {D9084168-32CD-4B4C-9DF9-1200020CFE00}
	EndGlobalSection
EndGlobal
